<?xml version="1.0" encoding="UTF-8"?>
<CodeBlocks_project_file>
	<FileVersion major="1" minor="6"/>
	<Project>
		<Option title="xhttp_revised"/>
		<Option makefile_is_custom="1"/>
		<Option compiler="gcc"/>
		<Option virtualFolders="CMake Files\;"/>
		<Build>
			<Target title="all">
				<Option working_dir="/mnt/c/Users/BaseDCaTx/CLionProjects/xhttp-revised"/>
				<Option type="4"/>
				<MakeCommands>
					<Build command="/usr/bin/gmake -f &quot;/mnt/c/Users/BaseDCaTx/CLionProjects/xhttp-revised/Makefile&quot;  VERBOSE=1 all"/>
					<CompileFile command="/usr/bin/gmake -f &quot;/mnt/c/Users/BaseDCaTx/CLionProjects/xhttp-revised/Makefile&quot;  VERBOSE=1 &quot;$file&quot;"/>
					<Clean command="/usr/bin/gmake -f &quot;/mnt/c/Users/BaseDCaTx/CLionProjects/xhttp-revised/Makefile&quot;  VERBOSE=1 clean"/>
					<DistClean command="/usr/bin/gmake -f &quot;/mnt/c/Users/BaseDCaTx/CLionProjects/xhttp-revised/Makefile&quot;  VERBOSE=1 clean"/>
				</MakeCommands>
			</Target>
			<Target title="xhttp_c">
				<Option output="/mnt/c/Users/BaseDCaTx/CLionProjects/xhttp-revised/xhttp_c" prefix_auto="0" extension_auto="0"/>
				<Option working_dir="/mnt/c/Users/BaseDCaTx/CLionProjects/xhttp-revised"/>
				<Option object_output="./"/>
				<Option type="1"/>
				<Option compiler="gcc"/>
				<Compiler/>
				<MakeCommands>
					<Build command="/usr/bin/gmake -f &quot;/mnt/c/Users/BaseDCaTx/CLionProjects/xhttp-revised/Makefile&quot;  VERBOSE=1 xhttp_c"/>
					<CompileFile command="/usr/bin/gmake -f &quot;/mnt/c/Users/BaseDCaTx/CLionProjects/xhttp-revised/Makefile&quot;  VERBOSE=1 &quot;$file&quot;"/>
					<Clean command="/usr/bin/gmake -f &quot;/mnt/c/Users/BaseDCaTx/CLionProjects/xhttp-revised/Makefile&quot;  VERBOSE=1 clean"/>
					<DistClean command="/usr/bin/gmake -f &quot;/mnt/c/Users/BaseDCaTx/CLionProjects/xhttp-revised/Makefile&quot;  VERBOSE=1 clean"/>
				</MakeCommands>
			</Target>
			<Target title="xhttp_c/fast">
				<Option output="/mnt/c/Users/BaseDCaTx/CLionProjects/xhttp-revised/xhttp_c" prefix_auto="0" extension_auto="0"/>
				<Option working_dir="/mnt/c/Users/BaseDCaTx/CLionProjects/xhttp-revised"/>
				<Option object_output="./"/>
				<Option type="1"/>
				<Option compiler="gcc"/>
				<Compiler/>
				<MakeCommands>
					<Build command="/usr/bin/gmake -f &quot;/mnt/c/Users/BaseDCaTx/CLionProjects/xhttp-revised/Makefile&quot;  VERBOSE=1 xhttp_c/fast"/>
					<CompileFile command="/usr/bin/gmake -f &quot;/mnt/c/Users/BaseDCaTx/CLionProjects/xhttp-revised/Makefile&quot;  VERBOSE=1 &quot;$file&quot;"/>
					<Clean command="/usr/bin/gmake -f &quot;/mnt/c/Users/BaseDCaTx/CLionProjects/xhttp-revised/Makefile&quot;  VERBOSE=1 clean"/>
					<DistClean command="/usr/bin/gmake -f &quot;/mnt/c/Users/BaseDCaTx/CLionProjects/xhttp-revised/Makefile&quot;  VERBOSE=1 clean"/>
				</MakeCommands>
			</Target>
			<Target title="xhttp_s">
				<Option output="/mnt/c/Users/BaseDCaTx/CLionProjects/xhttp-revised/xhttp_s" prefix_auto="0" extension_auto="0"/>
				<Option working_dir="/mnt/c/Users/BaseDCaTx/CLionProjects/xhttp-revised"/>
				<Option object_output="./"/>
				<Option type="1"/>
				<Option compiler="gcc"/>
				<Compiler/>
				<MakeCommands>
					<Build command="/usr/bin/gmake -f &quot;/mnt/c/Users/BaseDCaTx/CLionProjects/xhttp-revised/Makefile&quot;  VERBOSE=1 xhttp_s"/>
					<CompileFile command="/usr/bin/gmake -f &quot;/mnt/c/Users/BaseDCaTx/CLionProjects/xhttp-revised/Makefile&quot;  VERBOSE=1 &quot;$file&quot;"/>
					<Clean command="/usr/bin/gmake -f &quot;/mnt/c/Users/BaseDCaTx/CLionProjects/xhttp-revised/Makefile&quot;  VERBOSE=1 clean"/>
					<DistClean command="/usr/bin/gmake -f &quot;/mnt/c/Users/BaseDCaTx/CLionProjects/xhttp-revised/Makefile&quot;  VERBOSE=1 clean"/>
				</MakeCommands>
			</Target>
			<Target title="xhttp_s/fast">
				<Option output="/mnt/c/Users/BaseDCaTx/CLionProjects/xhttp-revised/xhttp_s" prefix_auto="0" extension_auto="0"/>
				<Option working_dir="/mnt/c/Users/BaseDCaTx/CLionProjects/xhttp-revised"/>
				<Option object_output="./"/>
				<Option type="1"/>
				<Option compiler="gcc"/>
				<Compiler/>
				<MakeCommands>
					<Build command="/usr/bin/gmake -f &quot;/mnt/c/Users/BaseDCaTx/CLionProjects/xhttp-revised/Makefile&quot;  VERBOSE=1 xhttp_s/fast"/>
					<CompileFile command="/usr/bin/gmake -f &quot;/mnt/c/Users/BaseDCaTx/CLionProjects/xhttp-revised/Makefile&quot;  VERBOSE=1 &quot;$file&quot;"/>
					<Clean command="/usr/bin/gmake -f &quot;/mnt/c/Users/BaseDCaTx/CLionProjects/xhttp-revised/Makefile&quot;  VERBOSE=1 clean"/>
					<DistClean command="/usr/bin/gmake -f &quot;/mnt/c/Users/BaseDCaTx/CLionProjects/xhttp-revised/Makefile&quot;  VERBOSE=1 clean"/>
				</MakeCommands>
			</Target>
			<Target title="edit_cache">
				<Option working_dir="/mnt/c/Users/BaseDCaTx/CLionProjects/xhttp-revised"/>
				<Option type="4"/>
				<MakeCommands>
					<Build command="/usr/bin/gmake -f &quot;/mnt/c/Users/BaseDCaTx/CLionProjects/xhttp-revised/Makefile&quot;  VERBOSE=1 edit_cache"/>
					<CompileFile command="/usr/bin/gmake -f &quot;/mnt/c/Users/BaseDCaTx/CLionProjects/xhttp-revised/Makefile&quot;  VERBOSE=1 &quot;$file&quot;"/>
					<Clean command="/usr/bin/gmake -f &quot;/mnt/c/Users/BaseDCaTx/CLionProjects/xhttp-revised/Makefile&quot;  VERBOSE=1 clean"/>
					<DistClean command="/usr/bin/gmake -f &quot;/mnt/c/Users/BaseDCaTx/CLionProjects/xhttp-revised/Makefile&quot;  VERBOSE=1 clean"/>
				</MakeCommands>
			</Target>
			<Target title="rebuild_cache">
				<Option working_dir="/mnt/c/Users/BaseDCaTx/CLionProjects/xhttp-revised"/>
				<Option type="4"/>
				<MakeCommands>
					<Build command="/usr/bin/gmake -f &quot;/mnt/c/Users/BaseDCaTx/CLionProjects/xhttp-revised/Makefile&quot;  VERBOSE=1 rebuild_cache"/>
					<CompileFile command="/usr/bin/gmake -f &quot;/mnt/c/Users/BaseDCaTx/CLionProjects/xhttp-revised/Makefile&quot;  VERBOSE=1 &quot;$file&quot;"/>
					<Clean command="/usr/bin/gmake -f &quot;/mnt/c/Users/BaseDCaTx/CLionProjects/xhttp-revised/Makefile&quot;  VERBOSE=1 clean"/>
					<DistClean command="/usr/bin/gmake -f &quot;/mnt/c/Users/BaseDCaTx/CLionProjects/xhttp-revised/Makefile&quot;  VERBOSE=1 clean"/>
				</MakeCommands>
			</Target>
		</Build>
		<Unit filename="/mnt/c/Users/BaseDCaTx/CLionProjects/xhttp-revised/client/Client.cpp">
			<Option target="xhttp_c"/>
		</Unit>
		<Unit filename="/mnt/c/Users/BaseDCaTx/CLionProjects/xhttp-revised/includes/compressor.h">
			<Option target="xhttp_c"/>
			<Option target="xhttp_s"/>
		</Unit>
		<Unit filename="/mnt/c/Users/BaseDCaTx/CLionProjects/xhttp-revised/includes/crypt.h">
			<Option target="xhttp_c"/>
			<Option target="xhttp_s"/>
		</Unit>
		<Unit filename="/mnt/c/Users/BaseDCaTx/CLionProjects/xhttp-revised/includes/packet.h">
			<Option target="xhttp_c"/>
			<Option target="xhttp_s"/>
		</Unit>
		<Unit filename="/mnt/c/Users/BaseDCaTx/CLionProjects/xhttp-revised/includes/utilx.h">
			<Option target="xhttp_c"/>
			<Option target="xhttp_s"/>
		</Unit>
		<Unit filename="/mnt/c/Users/BaseDCaTx/CLionProjects/xhttp-revised/logger/Logger.cpp">
			<Option target="xhttp_c"/>
			<Option target="xhttp_s"/>
		</Unit>
		<Unit filename="/mnt/c/Users/BaseDCaTx/CLionProjects/xhttp-revised/server/Server.cpp">
			<Option target="xhttp_s"/>
		</Unit>
		<Unit filename="/mnt/c/Users/BaseDCaTx/CLionProjects/xhttp-revised/utils/Utils.cpp">
			<Option target="xhttp_c"/>
			<Option target="xhttp_s"/>
		</Unit>
		<Unit filename="/mnt/c/Users/BaseDCaTx/CLionProjects/xhttp-revised/CMakeLists.txt">
			<Option virtualFolder="CMake Files\"/>
		</Unit>
	</Project>
</CodeBlocks_project_file>
